
Microsoft Visual Studio Solution File, Format Version 12.00
# Visual Studio Version 16
VisualStudioVersion = 16.0.29905.134
MinimumVisualStudioVersion = 10.0.40219.1
Project("{9A19103F-16F7-4668-BE54-9A1E7A4F7556}") = "NetCoreApp", "NetCoreApp\NetCoreApp.csproj", "{0F925F04-6413-4405-AB97-E8E55559650F}"
EndProject
Project("{2150E333-8FDC-42A3-9474-1A3956D46DE8}") = "src", "src", "{0908E6E8-0F5C-4066-81E6-B89F8FD4E5D2}"
EndProject
Project("{2150E333-8FDC-42A3-9474-1A3956D46DE8}") = "tests", "tests", "{ABDCCBDC-FA7B-4486-B519-ACC6FE6843EE}"
EndProject
Project("{9A19103F-16F7-4668-BE54-9A1E7A4F7556}") = "NetCoreApp.Core", "NetCoreApp.Core\NetCoreApp.Core.csproj", "{34BB1E98-3444-4083-ADAF-31358BD0A15A}"
EndProject
Project("{9A19103F-16F7-4668-BE54-9A1E7A4F7556}") = "NetCoreApp.Infrastructure", "NetCoreApp.Infrastructure\NetCoreApp.Infrastructure.csproj", "{E1119AF6-A55C-4D9B-9EFA-466BBBE1B6CC}"
EndProject
Project("{9A19103F-16F7-4668-BE54-9A1E7A4F7556}") = "NetCoreApp.Test", "NetCoreApp.Test\NetCoreApp.Test.csproj", "{CE8B5170-C4A3-4DD5-972D-97DEE64F7B96}"
EndProject
Global
	GlobalSection(SolutionConfigurationPlatforms) = preSolution
		Debug|Any CPU = Debug|Any CPU
		Release|Any CPU = Release|Any CPU
	EndGlobalSection
	GlobalSection(ProjectConfigurationPlatforms) = postSolution
		{0F925F04-6413-4405-AB97-E8E55559650F}.Debug|Any CPU.ActiveCfg = Debug|Any CPU
		{0F925F04-6413-4405-AB97-E8E55559650F}.Debug|Any CPU.Build.0 = Debug|Any CPU
		{0F925F04-6413-4405-AB97-E8E55559650F}.Release|Any CPU.ActiveCfg = Release|Any CPU
		{0F925F04-6413-4405-AB97-E8E55559650F}.Release|Any CPU.Build.0 = Release|Any CPU
		{34BB1E98-3444-4083-ADAF-31358BD0A15A}.Debug|Any CPU.ActiveCfg = Debug|Any CPU
		{34BB1E98-3444-4083-ADAF-31358BD0A15A}.Debug|Any CPU.Build.0 = Debug|Any CPU
		{34BB1E98-3444-4083-ADAF-31358BD0A15A}.Release|Any CPU.ActiveCfg = Release|Any CPU
		{34BB1E98-3444-4083-ADAF-31358BD0A15A}.Release|Any CPU.Build.0 = Release|Any CPU
		{E1119AF6-A55C-4D9B-9EFA-466BBBE1B6CC}.Debug|Any CPU.ActiveCfg = Debug|Any CPU
		{E1119AF6-A55C-4D9B-9EFA-466BBBE1B6CC}.Debug|Any CPU.Build.0 = Debug|Any CPU
		{E1119AF6-A55C-4D9B-9EFA-466BBBE1B6CC}.Release|Any CPU.ActiveCfg = Release|Any CPU
		{E1119AF6-A55C-4D9B-9EFA-466BBBE1B6CC}.Release|Any CPU.Build.0 = Release|Any CPU
		{CE8B5170-C4A3-4DD5-972D-97DEE64F7B96}.Debug|Any CPU.ActiveCfg = Debug|Any CPU
		{CE8B5170-C4A3-4DD5-972D-97DEE64F7B96}.Debug|Any CPU.Build.0 = Debug|Any CPU
		{CE8B5170-C4A3-4DD5-972D-97DEE64F7B96}.Release|Any CPU.ActiveCfg = Release|Any CPU
		{CE8B5170-C4A3-4DD5-972D-97DEE64F7B96}.Release|Any CPU.Build.0 = Release|Any CPU
	EndGlobalSection
	GlobalSection(SolutionProperties) = preSolution
		HideSolutionNode = FALSE
	EndGlobalSection
	GlobalSection(NestedProjects) = preSolution
		{0F925F04-6413-4405-AB97-E8E55559650F} = {0908E6E8-0F5C-4066-81E6-B89F8FD4E5D2}
		{34BB1E98-3444-4083-ADAF-31358BD0A15A} = {0908E6E8-0F5C-4066-81E6-B89F8FD4E5D2}
		{E1119AF6-A55C-4D9B-9EFA-466BBBE1B6CC} = {0908E6E8-0F5C-4066-81E6-B89F8FD4E5D2}
		{CE8B5170-C4A3-4DD5-972D-97DEE64F7B96} = {ABDCCBDC-FA7B-4486-B519-ACC6FE6843EE}
	EndGlobalSection
	GlobalSection(ExtensibilityGlobals) = postSolution
		SolutionGuid = {7552686C-F4AF-4775-A033-2CFCA2700483}
	EndGlobalSection
EndGlobal
